PS C:\Users\anton\Desktop\plantilla_practica\escenario1> terraform apply -auto-approve                                                                                  

Terraform used the selected providers to generate the following execution plan. Resource actions are indicated with the following symbols:
  + create

Terraform will perform the following actions:

  # docker_container.app1 will be created
  + resource "docker_container" "app1" {
      + attach                                      = false
      + bridge                                      = (known after apply)
      + command                                     = (known after apply)
      + container_logs                              = (known after apply)
      + container_read_refresh_timeout_milliseconds = 15000
      + entrypoint                                  = (known after apply)
      + env                                         = (known after apply)
      + exit_code                                   = (known after apply)
      + hostname                                    = (known after apply)
      + id                                          = (known after apply)
      + image                                       = "app1"
      + init                                        = (known after apply)
      + ipc_mode                                    = (known after apply)
      + log_driver                                  = (known after apply)
      + logs                                        = false
      + must_run                                    = true
      + name                                        = "app1"
      + network_data                                = (known after apply)
      + network_mode                                = "bridge"
      + read_only                                   = false
      + remove_volumes                              = true
      + restart                                     = "no"
      + rm                                          = false
      + runtime                                     = (known after apply)
      + security_opts                               = (known after apply)
      + shm_size                                    = (known after apply)
      + start                                       = true
      + stdin_open                                  = false
      + stop_signal                                 = (known after apply)
      + stop_timeout                                = (known after apply)
      + tty                                         = false
      + wait                                        = false
      + wait_timeout                                = 60

      + healthcheck (known after apply)

      + labels (known after apply)

      + networks_advanced {
          + aliases      = []
          + name         = "http_network"
            # (2 unchanged attributes hidden)
        }

      + ports {
          + external = (known after apply)
          + internal = 8080
          + ip       = "0.0.0.0"
          + protocol = "tcp"
        }
    }

  # docker_container.app2 will be created
  + resource "docker_container" "app2" {
      + attach                                      = false
      + bridge                                      = (known after apply)
      + command                                     = (known after apply)
      + container_logs                              = (known after apply)
      + container_read_refresh_timeout_milliseconds = 15000
      + entrypoint                                  = (known after apply)
      + env                                         = (known after apply)
      + exit_code                                   = (known after apply)
      + hostname                                    = (known after apply)
      + id                                          = (known after apply)
      + image                                       = "app2"
      + init                                        = (known after apply)
      + ipc_mode                                    = (known after apply)
      + log_driver                                  = (known after apply)
      + logs                                        = false
      + must_run                                    = true
      + name                                        = "app2"
      + network_data                                = (known after apply)
      + network_mode                                = "bridge"
      + read_only                                   = false
      + remove_volumes                              = true
      + restart                                     = "no"
      + rm                                          = false
      + runtime                                     = (known after apply)
      + security_opts                               = (known after apply)
      + shm_size                                    = (known after apply)
      + start                                       = true
      + stdin_open                                  = false
      + stop_signal                                 = (known after apply)
      + stop_timeout                                = (known after apply)
      + tty                                         = false
      + wait                                        = false
      + wait_timeout                                = 60

      + healthcheck (known after apply)

      + labels (known after apply)

      + networks_advanced {
          + aliases      = []
          + name         = "http_network"
            # (2 unchanged attributes hidden)
        }

      + ports {
          + external = (known after apply)
          + internal = 8080
          + ip       = "0.0.0.0"
          + protocol = "tcp"
        }
    }

  # docker_container.haproxy will be created
  + resource "docker_container" "haproxy" {
      + attach                                      = false
      + bridge                                      = (known after apply)
      + command                                     = (known after apply)
      + container_logs                              = (known after apply)
      + container_read_refresh_timeout_milliseconds = 15000
      + entrypoint                                  = (known after apply)
      + env                                         = (known after apply)
      + exit_code                                   = (known after apply)
      + hostname                                    = (known after apply)
      + id                                          = (known after apply)
      + image                                       = "haproxy_http"
      + init                                        = (known after apply)
      + ipc_mode                                    = (known after apply)
      + log_driver                                  = (known after apply)
      + logs                                        = false
      + must_run                                    = true
      + name                                        = "haproxy_http"
      + network_data                                = (known after apply)
      + network_mode                                = "bridge"
      + read_only                                   = false
      + remove_volumes                              = true
      + restart                                     = "no"
      + rm                                          = false
      + runtime                                     = (known after apply)
      + security_opts                               = (known after apply)
      + shm_size                                    = (known after apply)
      + start                                       = true
      + stdin_open                                  = false
      + stop_signal                                 = (known after apply)
      + stop_timeout                                = (known after apply)
      + tty                                         = false
      + wait                                        = false
      + wait_timeout                                = 60

      + healthcheck (known after apply)

      + labels (known after apply)

      + networks_advanced {
          + aliases      = []
          + name         = "http_network"
            # (2 unchanged attributes hidden)
        }

      + ports {
          + external = 80
          + internal = 80
          + ip       = "0.0.0.0"
          + protocol = "tcp"
        }
    }

  # docker_image.app1 will be created
  + resource "docker_image" "app1" {
      + id          = (known after apply)
      + image_id    = (known after apply)
      + name        = "app1"
      + repo_digest = (known after apply)

      + build {
          + cache_from     = []
          + context        = "./app1"
          + dockerfile     = "Dockerfile"
          + extra_hosts    = []
          + remove         = true
          + security_opt   = []
          + tag            = []
            # (13 unchanged attributes hidden)
        }
    }

  # docker_image.app2 will be created
  + resource "docker_image" "app2" {
      + id          = (known after apply)
      + image_id    = (known after apply)
      + name        = "app2"
      + repo_digest = (known after apply)

      + build {
          + cache_from     = []
          + context        = "./app2"
          + dockerfile     = "Dockerfile"
          + extra_hosts    = []
          + remove         = true
          + security_opt   = []
          + tag            = []
            # (13 unchanged attributes hidden)
        }
    }

  # docker_image.haproxy will be created
  + resource "docker_image" "haproxy" {
      + id          = (known after apply)
      + image_id    = (known after apply)
      + name        = "haproxy_http"
      + repo_digest = (known after apply)

      + build {
          + cache_from     = []
          + context        = "./haproxy"
          + dockerfile     = "Dockerfile"
          + extra_hosts    = []
          + remove         = true
          + security_opt   = []
          + tag            = []
            # (13 unchanged attributes hidden)
        }
    }

  # docker_network.net will be created
  + resource "docker_network" "net" {
      + driver      = (known after apply)
      + id          = (known after apply)
      + internal    = (known after apply)
      + ipam_driver = "default"
      + name        = "http_network"
      + options     = (known after apply)
      + scope       = (known after apply)

      + ipam_config (known after apply)
    }

Plan: 7 to add, 0 to change, 0 to destroy.
docker_network.net: Creating...
docker_image.app2: Creating...
docker_image.app1: Creating...
docker_image.haproxy: Creating...
docker_image.haproxy: Creation complete after 2s [id=sha256:0cc3e405924924f2f9db0f596fd636a97091fdb672aa7a10fde3501b99ba12d8haproxy_http]
docker_network.net: Creation complete after 2s [id=3aba87289528f2970bbbbce335554d440d9b37eca03fff5fe63899ab9c47e878]
docker_image.app1: Creation complete after 5s [id=sha256:a5f64465e352d20aa00f64364c0f3874c62a42d8b3d34e6f8b7d0e8dfa6bd00fapp1]
docker_container.app1: Creating...
docker_image.app2: Creation complete after 5s [id=sha256:ca6c759c24948a4ad640d14169e34295ef7c0a35012f01655cb32dcf987b7c9capp2]
docker_container.app2: Creating...
docker_container.app1: Creation complete after 2s [id=17c251df94806cf8c4cfa08c4d36164534b90979a6e16c9956938eeec7b3a4a6]
docker_container.app2: Creation complete after 2s [id=ca8306700b1f5fd4bc3b3db5fd5639fbd9083165c57e9fc22c243e8d042e2894]
docker_container.haproxy: Creating...
docker_container.haproxy: Creation complete after 1s [id=29768276cc0b42dadb19783c8be6b26ac3e72ad169393f5b8371c17f6456acc2]

Apply complete! Resources: 7 added, 0 changed, 0 destroyed.